// !$*UTF8*$!
{
	archiveVersion = 1;
	classes = {
	};
	objectVersion = 56;
	objects = {

/* Begin PBXBuildFile section */
		FA8C30A02A1BCA400064E8F0 /* CompareView.swift in Sources */ = {isa = PBXBuildFile; fileRef = FA8C309F2A1BCA400064E8F0 /* CompareView.swift */; };
		FA8C30A22A1BCB200064E8F0 /* CompareModel.swift in Sources */ = {isa = PBXBuildFile; fileRef = FA8C30A12A1BCB200064E8F0 /* CompareModel.swift */; };
		FA8C30A42A1BCDCC0064E8F0 /* PieChart.swift in Sources */ = {isa = PBXBuildFile; fileRef = FA8C30A32A1BCDCC0064E8F0 /* PieChart.swift */; };
		FA8E69ED2A1A5DE5003B070D /* Clock_TinderApp.swift in Sources */ = {isa = PBXBuildFile; fileRef = FA8E69EC2A1A5DE5003B070D /* Clock_TinderApp.swift */; };
		FA8E69EF2A1A5DE5003B070D /* ContentView.swift in Sources */ = {isa = PBXBuildFile; fileRef = FA8E69EE2A1A5DE5003B070D /* ContentView.swift */; };
		FA8E69F12A1A5DE5003B070D /* Assets.xcassets in Resources */ = {isa = PBXBuildFile; fileRef = FA8E69F02A1A5DE5003B070D /* Assets.xcassets */; };
		FA8E69F42A1A5DE5003B070D /* Preview Assets.xcassets in Resources */ = {isa = PBXBuildFile; fileRef = FA8E69F32A1A5DE5003B070D /* Preview Assets.xcassets */; };
		FA8E69FD2A1A5E41003B070D /* TimeModel.swift in Sources */ = {isa = PBXBuildFile; fileRef = FA8E69FC2A1A5E41003B070D /* TimeModel.swift */; };
		FA8E69FF2A1A6FFD003B070D /* VoteView.swift in Sources */ = {isa = PBXBuildFile; fileRef = FA8E69FE2A1A6FFD003B070D /* VoteView.swift */; };
		FA8E6A012A1A715E003B070D /* VotesView.swift in Sources */ = {isa = PBXBuildFile; fileRef = FA8E6A002A1A715E003B070D /* VotesView.swift */; };
/* End PBXBuildFile section */

/* Begin PBXFileReference section */
		FA8C309F2A1BCA400064E8F0 /* CompareView.swift */ = {isa = PBXFileReference; lastKnownFileType = sourcecode.swift; path = CompareView.swift; sourceTree = "<group>"; };
		FA8C30A12A1BCB200064E8F0 /* CompareModel.swift */ = {isa = PBXFileReference; lastKnownFileType = sourcecode.swift; path = CompareModel.swift; sourceTree = "<group>"; };
		FA8C30A32A1BCDCC0064E8F0 /* PieChart.swift */ = {isa = PBXFileReference; lastKnownFileType = sourcecode.swift; path = PieChart.swift; sourceTree = "<group>"; };
		FA8E69E92A1A5DE5003B070D /* Clock Tinder.app */ = {isa = PBXFileReference; explicitFileType = wrapper.application; includeInIndex = 0; path = "Clock Tinder.app"; sourceTree = BUILT_PRODUCTS_DIR; };
		FA8E69EC2A1A5DE5003B070D /* Clock_TinderApp.swift */ = {isa = PBXFileReference; lastKnownFileType = sourcecode.swift; path = Clock_TinderApp.swift; sourceTree = "<group>"; };
		FA8E69EE2A1A5DE5003B070D /* ContentView.swift */ = {isa = PBXFileReference; lastKnownFileType = sourcecode.swift; path = ContentView.swift; sourceTree = "<group>"; };
		FA8E69F02A1A5DE5003B070D /* Assets.xcassets */ = {isa = PBXFileReference; lastKnownFileType = folder.assetcatalog; path = Assets.xcassets; sourceTree = "<group>"; };
		FA8E69F32A1A5DE5003B070D /* Preview Assets.xcassets */ = {isa = PBXFileReference; lastKnownFileType = folder.assetcatalog; path = "Preview Assets.xcassets"; sourceTree = "<group>"; };
		FA8E69FC2A1A5E41003B070D /* TimeModel.swift */ = {isa = PBXFileReference; lastKnownFileType = sourcecode.swift; path = TimeModel.swift; sourceTree = "<group>"; };
		FA8E69FE2A1A6FFD003B070D /* VoteView.swift */ = {isa = PBXFileReference; lastKnownFileType = sourcecode.swift; path = VoteView.swift; sourceTree = "<group>"; };
		FA8E6A002A1A715E003B070D /* VotesView.swift */ = {isa = PBXFileReference; lastKnownFileType = sourcecode.swift; path = VotesView.swift; sourceTree = "<group>"; };
/* End PBXFileReference section */

/* Begin PBXFrameworksBuildPhase section */
		FA8E69E62A1A5DE5003B070D /* Frameworks */ = {
			isa = PBXFrameworksBuildPhase;
			buildActionMask = 2147483647;
			files = (
			);
			runOnlyForDeploymentPostprocessing = 0;
		};
/* End PBXFrameworksBuildPhase section */

/* Begin PBXGroup section */
		FA8E69E02A1A5DE5003B070D = {
			isa = PBXGroup;
			children = (
				FA8E69EB2A1A5DE5003B070D /* Clock Tinder */,
				FA8E69EA2A1A5DE5003B070D /* Products */,
			);
			sourceTree = "<group>";
		};
		FA8E69EA2A1A5DE5003B070D /* Products */ = {
			isa = PBXGroup;
			children = (
				FA8E69E92A1A5DE5003B070D /* Clock Tinder.app */,
			);
			name = Products;
			sourceTree = "<group>";
		};
		FA8E69EB2A1A5DE5003B070D /* Clock Tinder */ = {
			isa = PBXGroup;
			children = (
				FA8E69FB2A1A5E0A003B070D /* Models */,
				FA8E69FA2A1A5DFC003B070D /* Views */,
				FA8E69EC2A1A5DE5003B070D /* Clock_TinderApp.swift */,
				FA8E69F02A1A5DE5003B070D /* Assets.xcassets */,
				FA8E69F22A1A5DE5003B070D /* Preview Content */,
			);
			path = "Clock Tinder";
			sourceTree = "<group>";
		};
		FA8E69F22A1A5DE5003B070D /* Preview Content */ = {
			isa = PBXGroup;
			children = (
				FA8E69F32A1A5DE5003B070D /* Preview Assets.xcassets */,
			);
			path = "Preview Content";
			sourceTree = "<group>";
		};
		FA8E69FA2A1A5DFC003B070D /* Views */ = {
			isa = PBXGroup;
			children = (
				FA8E69EE2A1A5DE5003B070D /* ContentView.swift */,
				FA8E69FE2A1A6FFD003B070D /* VoteView.swift */,
				FA8E6A002A1A715E003B070D /* VotesView.swift */,
				FA8C309F2A1BCA400064E8F0 /* CompareView.swift */,
				FA8C30A32A1BCDCC0064E8F0 /* PieChart.swift */,
			);
			path = Views;
			sourceTree = "<group>";
		};
		FA8E69FB2A1A5E0A003B070D /* Models */ = {
			isa = PBXGroup;
			children = (
				FA8E69FC2A1A5E41003B070D /* TimeModel.swift */,
				FA8C30A12A1BCB200064E8F0 /* CompareModel.swift */,
			);
			path = Models;
			sourceTree = "<group>";
		};
/* End PBXGroup section */

/* Begin PBXNativeTarget section */
		FA8E69E82A1A5DE5003B070D /* Clock Tinder */ = {
			isa = PBXNativeTarget;
			buildConfigurationList = FA8E69F72A1A5DE5003B070D /* Build configuration list for PBXNativeTarget "Clock Tinder" */;
			buildPhases = (
				FA8E69E52A1A5DE5003B070D /* Sources */,
				FA8E69E62A1A5DE5003B070D /* Frameworks */,
				FA8E69E72A1A5DE5003B070D /* Resources */,
			);
			buildRules = (
			);
			dependencies = (
			);
			name = "Clock Tinder";
			productName = "Clock Tinder";
			productReference = FA8E69E92A1A5DE5003B070D /* Clock Tinder.app */;
			productType = "com.apple.product-type.application";
		};
/* End PBXNativeTarget section */

/* Begin PBXProject section */
		FA8E69E12A1A5DE5003B070D /* Project object */ = {
			isa = PBXProject;
			attributes = {
				BuildIndependentTargetsInParallel = 1;
				LastSwiftUpdateCheck = 1410;
				LastUpgradeCheck = 1410;
				TargetAttributes = {
					FA8E69E82A1A5DE5003B070D = {
						CreatedOnToolsVersion = 14.1;
					};
				};
			};
			buildConfigurationList = FA8E69E42A1A5DE5003B070D /* Build configuration list for PBXProject "Clock Tinder" */;
			compatibilityVersion = "Xcode 14.0";
			developmentRegion = en;
			hasScannedForEncodings = 0;
			knownRegions = (
				en,
				Base,
			);
			mainGroup = FA8E69E02A1A5DE5003B070D;
			productRefGroup = FA8E69EA2A1A5DE5003B070D /* Products */;
			projectDirPath = "";
			projectRoot = "";
			targets = (
				FA8E69E82A1A5DE5003B070D /* Clock Tinder */,
			);
		};
/* End PBXProject section */

/* Begin PBXResourcesBuildPhase section */
		FA8E69E72A1A5DE5003B070D /* Resources */ = {
			isa = PBXResourcesBuildPhase;
			buildActionMask = 2147483647;
			files = (
				FA8E69F42A1A5DE5003B070D /* Preview Assets.xcassets in Resources */,
				FA8E69F12A1A5DE5003B070D /* Assets.xcassets in Resources */,
			);
			runOnlyForDeploymentPostprocessing = 0;
		};
/* End PBXResourcesBuildPhase section */

/* Begin PBXSourcesBuildPhase section */
		FA8E69E52A1A5DE5003B070D /* Sources */ = {
			isa = PBXSourcesBuildPhase;
			buildActionMask = 2147483647;
			files = (
				FA8E69EF2A1A5DE5003B070D /* ContentView.swift in Sources */,
				FA8C30A42A1BCDCC0064E8F0 /* PieChart.swift in Sources */,
				FA8C30A22A1BCB200064E8F0 /* CompareModel.swift in Sources */,
				FA8E69FD2A1A5E41003B070D /* TimeModel.swift in Sources */,
				FA8C30A02A1BCA400064E8F0 /* CompareView.swift in Sources */,
				FA8E69FF2A1A6FFD003B070D /* VoteView.swift in Sources */,
				FA8E6A012A1A715E003B070D /* VotesView.swift in Sources */,
				FA8E69ED2A1A5DE5003B070D /* Clock_TinderApp.swift in Sources */,
			);
			runOnlyForDeploymentPostprocessing = 0;
		};
/* End PBXSourcesBuildPhase section */

/* Begin XCBuildConfiguration section */
		FA8E69F52A1A5DE5003B070D /* Debug */ = {
			isa = XCBuildConfiguration;
			buildSettings = {
				ALWAYS_SEARCH_USER_PATHS = NO;
				CLANG_ANALYZER_NONNULL = YES;
				CLANG_ANALYZER_NUMBER_OBJECT_CONVERSION = YES_AGGRESSIVE;
				CLANG_CXX_LANGUAGE_STANDARD = "gnu++20";
				CLANG_ENABLE_MODULES = YES;
				CLANG_ENABLE_OBJC_ARC = YES;
				CLANG_ENABLE_OBJC_WEAK = YES;
				CLANG_WARN_BLOCK_CAPTURE_AUTORELEASING = YES;
				CLANG_WARN_BOOL_CONVERSION = YES;
				CLANG_WARN_COMMA = YES;
				CLANG_WARN_CONSTANT_CONVERSION = YES;
				CLANG_WARN_DEPRECATED_OBJC_IMPLEMENTATIONS = YES;
				CLANG_WARN_DIRECT_OBJC_ISA_USAGE = YES_ERROR;
				CLANG_WARN_DOCUMENTATION_COMMENTS = YES;
				CLANG_WARN_EMPTY_BODY = YES;
				CLANG_WARN_ENUM_CONVERSION = YES;
				CLANG_WARN_INFINITE_RECURSION = YES;
				CLANG_WARN_INT_CONVERSION = YES;
				CLANG_WARN_NON_LITERAL_NULL_CONVERSION = YES;
				CLANG_WARN_OBJC_IMPLICIT_RETAIN_SELF = YES;
				CLANG_WARN_OBJC_LITERAL_CONVERSION = YES;
				CLANG_WARN_OBJC_ROOT_CLASS = YES_ERROR;
				CLANG_WARN_QUOTED_INCLUDE_IN_FRAMEWORK_HEADER = YES;
				CLANG_WARN_RANGE_LOOP_ANALYSIS = YES;
				CLANG_WARN_STRICT_PROTOTYPES = YES;
				CLANG_WARN_SUSPICIOUS_MOVE = YES;
				CLANG_WARN_UNGUARDED_AVAILABILITY = YES_AGGRESSIVE;
				CLANG_WARN_UNREACHABLE_CODE = YES;
				CLANG_WARN__DUPLICATE_METHOD_MATCH = YES;
				COPY_PHASE_STRIP = NO;
				DEBUG_INFORMATION_FORMAT = dwarf;
				ENABLE_STRICT_OBJC_MSGSEND = YES;
				ENABLE_TESTABILITY = YES;
				GCC_C_LANGUAGE_STANDARD = gnu11;
				GCC_DYNAMIC_NO_PIC = NO;
				GCC_NO_COMMON_BLOCKS = YES;
				GCC_OPTIMIZATION_LEVEL = 0;
				GCC_PREPROCESSOR_DEFINITIONS = (
					"DEBUG=1",
					"$(inherited)",
				);
				GCC_WARN_64_TO_32_BIT_CONVERSION = YES;
				GCC_WARN_ABOUT_RETURN_TYPE = YES_ERROR;
				GCC_WARN_UNDECLARED_SELECTOR = YES;
				GCC_WARN_UNINITIALIZED_AUTOS = YES_AGGRESSIVE;
				GCC_WARN_UNUSED_FUNCTION = YES;
				GCC_WARN_UNUSED_VARIABLE = YES;
				IPHONEOS_DEPLOYMENT_TARGET = 16.1;
				MTL_ENABLE_DEBUG_INFO = INCLUDE_SOURCE;
				MTL_FAST_MATH = YES;
				ONLY_ACTIVE_ARCH = YES;
				SDKROOT = iphoneos;
				SWIFT_ACTIVE_COMPILATION_CONDITIONS = DEBUG;
				SWIFT_OPTIMIZATION_LEVEL = "-Onone";
			};
			name = Debug;
		};
		FA8E69F62A1A5DE5003B070D /* Release */ = {
			isa = XCBuildConfiguration;
			buildSettings = {
				ALWAYS_SEARCH_USER_PATHS = NO;
				CLANG_ANALYZER_NONNULL = YES;
				CLANG_ANALYZER_NUMBER_OBJECT_CONVERSION = YES_AGGRESSIVE;
				CLANG_CXX_LANGUAGE_STANDARD = "gnu++20";
				CLANG_ENABLE_MODULES = YES;
				CLANG_ENABLE_OBJC_ARC = YES;
				CLANG_ENABLE_OBJC_WEAK = YES;
				CLANG_WARN_BLOCK_CAPTURE_AUTORELEASING = YES;
				CLANG_WARN_BOOL_CONVERSION = YES;
				CLANG_WARN_COMMA = YES;
				CLANG_WARN_CONSTANT_CONVERSION = YES;
				CLANG_WARN_DEPRECATED_OBJC_IMPLEMENTATIONS = YES;
				CLANG_WARN_DIRECT_OBJC_ISA_USAGE = YES_ERROR;
				CLANG_WARN_DOCUMENTATION_COMMENTS = YES;
				CLANG_WARN_EMPTY_BODY = YES;
				CLANG_WARN_ENUM_CONVERSION = YES;
				CLANG_WARN_INFINITE_RECURSION = YES;
				CLANG_WARN_INT_CONVERSION = YES;
				CLANG_WARN_NON_LITERAL_NULL_CONVERSION = YES;
				CLANG_WARN_OBJC_IMPLICIT_RETAIN_SELF = YES;
				CLANG_WARN_OBJC_LITERAL_CONVERSION = YES;
				CLANG_WARN_OBJC_ROOT_CLASS = YES_ERROR;
				CLANG_WARN_QUOTED_INCLUDE_IN_FRAMEWORK_HEADER = YES;
				CLANG_WARN_RANGE_LOOP_ANALYSIS = YES;
				CLANG_WARN_STRICT_PROTOTYPES = YES;
				CLANG_WARN_SUSPICIOUS_MOVE = YES;
				CLANG_WARN_UNGUARDED_AVAILABILITY = YES_AGGRESSIVE;
				CLANG_WARN_UNREACHABLE_CODE = YES;
				CLANG_WARN__DUPLICATE_METHOD_MATCH = YES;
				COPY_PHASE_STRIP = NO;
				DEBUG_INFORMATION_FORMAT = "dwarf-with-dsym";
				ENABLE_NS_ASSERTIONS = NO;
				ENABLE_STRICT_OBJC_MSGSEND = YES;
				GCC_C_LANGUAGE_STANDARD = gnu11;
				GCC_NO_COMMON_BLOCKS = YES;
				GCC_WARN_64_TO_32_BIT_CONVERSION = YES;
				GCC_WARN_ABOUT_RETURN_TYPE = YES_ERROR;
				GCC_WARN_UNDECLARED_SELECTOR = YES;
				GCC_WARN_UNINITIALIZED_AUTOS = YES_AGGRESSIVE;
				GCC_WARN_UNUSED_FUNCTION = YES;
				GCC_WARN_UNUSED_VARIABLE = YES;
				IPHONEOS_DEPLOYMENT_TARGET = 16.1;
				MTL_ENABLE_DEBUG_INFO = NO;
				MTL_FAST_MATH = YES;
				SDKROOT = iphoneos;
				SWIFT_COMPILATION_MODE = wholemodule;
				SWIFT_OPTIMIZATION_LEVEL = "-O";
				VALIDATE_PRODUCT = YES;
			};
			name = Release;
		};
		FA8E69F82A1A5DE5003B070D /* Debug */ = {
			isa = XCBuildConfiguration;
			buildSettings = {
				ASSETCATALOG_COMPILER_APPICON_NAME = AppIcon;
				ASSETCATALOG_COMPILER_GLOBAL_ACCENT_COLOR_NAME = AccentColor;
				CODE_SIGN_STYLE = Automatic;
				CURRENT_PROJECT_VERSION = 1;
				DEVELOPMENT_ASSET_PATHS = "\"Clock Tinder/Preview Content\"";
				DEVELOPMENT_TEAM = 2GA3QKMF6Y;
				ENABLE_PREVIEWS = YES;
				GENERATE_INFOPLIST_FILE = YES;
				INFOPLIST_KEY_UIApplicationSceneManifest_Generation = YES;
				INFOPLIST_KEY_UIApplicationSupportsIndirectInputEvents = YES;
				INFOPLIST_KEY_UILaunchScreen_Generation = YES;
				INFOPLIST_KEY_UISupportedInterfaceOrientations_iPad = "UIInterfaceOrientationPortrait UIInterfaceOrientationPortraitUpsideDown UIInterfaceOrientationLandscapeLeft UIInterfaceOrientationLandscapeRight";
				INFOPLIST_KEY_UISupportedInterfaceOrientations_iPhone = "UIInterfaceOrientationPortrait UIInterfaceOrientationLandscapeLeft UIInterfaceOrientationLandscapeRight";
				LD_RUNPATH_SEARCH_PATHS = (
					"$(inherited)",
					"@executable_path/Frameworks",
				);
				MARKETING_VERSION = 1.0;
				PRODUCT_BUNDLE_IDENTIFIER = "com.axlav.Clock-Tinder";
				PRODUCT_NAME = "$(TARGET_NAME)";
				SWIFT_EMIT_LOC_STRINGS = YES;
				SWIFT_VERSION = 5.0;
				TARGETED_DEVICE_FAMILY = "1,2";
			};
			name = Debug;
		};
		FA8E69F92A1A5DE5003B070D /* Release */ = {
			isa = XCBuildConfiguration;
			buildSettings = {
				ASSETCATALOG_COMPILER_APPICON_NAME = AppIcon;
				ASSETCATALOG_COMPILER_GLOBAL_ACCENT_COLOR_NAME = AccentColor;
				CODE_SIGN_STYLE = Automatic;
				CURRENT_PROJECT_VERSION = 1;
				DEVELOPMENT_ASSET_PATHS = "\"Clock Tinder/Preview Content\"";
				DEVELOPMENT_TEAM = 2GA3QKMF6Y;
				ENABLE_PREVIEWS = YES;
				GENERATE_INFOPLIST_FILE = YES;
				INFOPLIST_KEY_UIApplicationSceneManifest_Generation = YES;
				INFOPLIST_KEY_UIApplicationSupportsIndirectInputEvents = YES;
				INFOPLIST_KEY_UILaunchScreen_Generation = YES;
				INFOPLIST_KEY_UISupportedInterfaceOrientations_iPad = "UIInterfaceOrientationPortrait UIInterfaceOrientationPortraitUpsideDown UIInterfaceOrientationLandscapeLeft UIInterfaceOrientationLandscapeRight";
				INFOPLIST_KEY_UISupportedInterfaceOrientations_iPhone = "UIInterfaceOrientationPortrait UIInterfaceOrientationLandscapeLeft UIInterfaceOrientationLandscapeRight";
				LD_RUNPATH_SEARCH_PATHS = (
					"$(inherited)",
					"@executable_path/Frameworks",
				);
				MARKETING_VERSION = 1.0;
				PRODUCT_BUNDLE_IDENTIFIER = "com.axlav.Clock-Tinder";
				PRODUCT_NAME = "$(TARGET_NAME)";
				SWIFT_EMIT_LOC_STRINGS = YES;
				SWIFT_VERSION = 5.0;
				TARGETED_DEVICE_FAMILY = "1,2";
			};
			name = Release;
		};
/* End XCBuildConfiguration section */

/* Begin XCConfigurationList section */
		FA8E69E42A1A5DE5003B070D /* Build configuration list for PBXProject "Clock Tinder" */ = {
			isa = XCConfigurationList;
			buildConfigurations = (
				FA8E69F52A1A5DE5003B070D /* Debug */,
				FA8E69F62A1A5DE5003B070D /* Release */,
			);
			defaultConfigurationIsVisible = 0;
			defaultConfigurationName = Release;
		};
		FA8E69F72A1A5DE5003B070D /* Build configuration list for PBXNativeTarget "Clock Tinder" */ = {
			isa = XCConfigurationList;
			buildConfigurations = (
				FA8E69F82A1A5DE5003B070D /* Debug */,
				FA8E69F92A1A5DE5003B070D /* Release */,
			);
			defaultConfigurationIsVisible = 0;
			defaultConfigurationName = Release;
		};
/* End XCConfigurationList section */
	};
	rootObject = FA8E69E12A1A5DE5003B070D /* Project object */;
}
